{
  "name": "@kernelharbor/openclaw-plugin",
  "version": "0.2.0",
  "lockfileVersion": 3,
  "requires": true,
  "packages": {
    "": {
      "name": "@kernelharbor/openclaw-plugin",
      "version": "0.2.0",
      "bin": {
        "kh-dashboard": "cli/dashboard.mjs",
        "kh-setup": "cli/setup.mjs",
        "kh-status": "cli/status.mjs"
      }
    }
  }
}
